
Microsoft Visual Studio Solution File, Format Version 12.00
# Visual Studio Version 17
VisualStudioVersion = 17.5.33627.172
MinimumVisualStudioVersion = 10.0.40219.1
Project("{FAE04EC0-301F-11D3-BF4B-00C04F79EFBC}") = "UnitConverter", "UnitConverter\UnitConverter.csproj", "{9A901666-D2D9-478F-843C-32412CCC9316}"
EndProject
Global
	GlobalSection(SolutionConfigurationPlatforms) = preSolution
		Debug|Any CPU = Debug|Any CPU
		Release|Any CPU = Release|Any CPU
	EndGlobalSection
	GlobalSection(ProjectConfigurationPlatforms) = postSolution
		{9A901666-D2D9-478F-843C-32412CCC9316}.Debug|Any CPU.ActiveCfg = Debug|Any CPU
		{9A901666-D2D9-478F-843C-32412CCC9316}.Debug|Any CPU.Build.0 = Debug|Any CPU
		{9A901666-D2D9-478F-843C-32412CCC9316}.Release|Any CPU.ActiveCfg = Release|Any CPU
		{9A901666-D2D9-478F-843C-32412CCC9316}.Release|Any CPU.Build.0 = Release|Any CPU
	EndGlobalSection
	GlobalSection(SolutionProperties) = preSolution
		HideSolutionNode = FALSE
	EndGlobalSection
	GlobalSection(ExtensibilityGlobals) = postSolution
		SolutionGuid = {0F9518BB-B498-48C8-ABDA-548099679530}
	EndGlobalSection
EndGlobal
